// !$*UTF8*$!
{
	archiveVersion = 1;
	classes = {
	};
	objectVersion = 46;
	objects = {

/* Begin PBXBuildFile section */
		53E3F9F51F66F3FA00A1E571 /* AppDelegate.swift in Sources */ = {isa = PBXBuildFile; fileRef = 53E3F9F41F66F3FA00A1E571 /* AppDelegate.swift */; };
		53E3F9F71F66F3FA00A1E571 /* ViewController.swift in Sources */ = {isa = PBXBuildFile; fileRef = 53E3F9F61F66F3FA00A1E571 /* ViewController.swift */; };
		53E3F9FA1F66F3FA00A1E571 /* Main.storyboard in Resources */ = {isa = PBXBuildFile; fileRef = 53E3F9F81F66F3FA00A1E571 /* Main.storyboard */; };
		53E3F9FC1F66F3FA00A1E571 /* Assets.xcassets in Resources */ = {isa = PBXBuildFile; fileRef = 53E3F9FB1F66F3FA00A1E571 /* Assets.xcassets */; };
		53E3F9FF1F66F3FA00A1E571 /* LaunchScreen.storyboard in Resources */ = {isa = PBXBuildFile; fileRef = 53E3F9FD1F66F3FA00A1E571 /* LaunchScreen.storyboard */; };
		C118AE842031DC93000C4D5D /* Second1ViewController.swift in Sources */ = {isa = PBXBuildFile; fileRef = C118AE832031DC93000C4D5D /* Second1ViewController.swift */; };
		C134F03A20726F2300248D19 /* startIcon.png in Resources */ = {isa = PBXBuildFile; fileRef = C134F03920726F2300248D19 /* startIcon.png */; };
		C134F0432072709E00248D19 /* user6.png in Resources */ = {isa = PBXBuildFile; fileRef = C134F03D2072709C00248D19 /* user6.png */; };
		C134F0442072709E00248D19 /* user2.png in Resources */ = {isa = PBXBuildFile; fileRef = C134F03E2072709C00248D19 /* user2.png */; };
		C134F0452072709E00248D19 /* user3.png in Resources */ = {isa = PBXBuildFile; fileRef = C134F03F2072709C00248D19 /* user3.png */; };
		C134F0462072709E00248D19 /* user4.png in Resources */ = {isa = PBXBuildFile; fileRef = C134F0402072709D00248D19 /* user4.png */; };
		C134F0472072709E00248D19 /* user1.png in Resources */ = {isa = PBXBuildFile; fileRef = C134F0412072709D00248D19 /* user1.png */; };
		C134F0482072709E00248D19 /* user5.png in Resources */ = {isa = PBXBuildFile; fileRef = C134F0422072709E00248D19 /* user5.png */; };
		C134F04A2072763900248D19 /* whitesearch.png in Resources */ = {isa = PBXBuildFile; fileRef = C134F0492072763900248D19 /* whitesearch.png */; };
		C134F04E207279F000248D19 /* gori.png in Resources */ = {isa = PBXBuildFile; fileRef = C134F04D207279EF00248D19 /* gori.png */; };
		C1486BEF20692FAF00FEC6FF /* Alamofire.framework in Frameworks */ = {isa = PBXBuildFile; fileRef = C1486BF020692FAF00FEC6FF /* Alamofire.framework */; };
		C1A58C9520A2DFC60069595D /* sample1.png in Resources */ = {isa = PBXBuildFile; fileRef = C1A58C9420A2DFC60069595D /* sample1.png */; };
		C1A58CB520A2F7CF0069595D /* baseline_keyboard_arrow_right_white_24pt_3x.png in Resources */ = {isa = PBXBuildFile; fileRef = C1A58CB420A2F7CE0069595D /* baseline_keyboard_arrow_right_white_24pt_3x.png */; };
		C1DC880020A9DC300048A6C0 /* share1.png in Resources */ = {isa = PBXBuildFile; fileRef = C1DC87FF20A9DC2F0048A6C0 /* share1.png */; };
		C1DC880220A9DD1A0048A6C0 /* firstImage.png in Resources */ = {isa = PBXBuildFile; fileRef = C1DC880120A9DD1A0048A6C0 /* firstImage.png */; };
		C1DEB8A42096E214001FB8AC /* testView.swift in Sources */ = {isa = PBXBuildFile; fileRef = C1DEB8A32096E214001FB8AC /* testView.swift */; };
		C1E723D6209D8D2000EC7943 /* Launchimage1.jpeg in Resources */ = {isa = PBXBuildFile; fileRef = C1E723D5209D8D1F00EC7943 /* Launchimage1.jpeg */; };
		C1EDDD731FF28B9B00615207 /* copyright.png in Resources */ = {isa = PBXBuildFile; fileRef = C1EDDD571FF28B9B00615207 /* copyright.png */; };
		C1EDDD741FF28B9B00615207 /* daum_copyright.png in Resources */ = {isa = PBXBuildFile; fileRef = C1EDDD581FF28B9B00615207 /* daum_copyright.png */; };
		C1EDDD751FF28B9B00615207 /* daum_th_line.png in Resources */ = {isa = PBXBuildFile; fileRef = C1EDDD591FF28B9B00615207 /* daum_th_line.png */; };
		C1EDDD761FF28B9B00615207 /* detail_button.png in Resources */ = {isa = PBXBuildFile; fileRef = C1EDDD5A1FF28B9B00615207 /* detail_button.png */; };
		C1EDDD771FF28B9B00615207 /* info_box.png in Resources */ = {isa = PBXBuildFile; fileRef = C1EDDD5B1FF28B9B00615207 /* info_box.png */; };
		C1EDDD781FF28B9B00615207 /* info_box_tail.png in Resources */ = {isa = PBXBuildFile; fileRef = C1EDDD5C1FF28B9B00615207 /* info_box_tail.png */; };
		C1EDDD791FF28B9B00615207 /* map_pin.png in Resources */ = {isa = PBXBuildFile; fileRef = C1EDDD5D1FF28B9B00615207 /* map_pin.png */; };
		C1EDDD7A1FF28B9B00615207 /* map_pin@3x.png in Resources */ = {isa = PBXBuildFile; fileRef = C1EDDD5E1FF28B9B00615207 /* map_pin@3x.png */; };
		C1EDDD7B1FF28B9B00615207 /* map_pin_custom.png in Resources */ = {isa = PBXBuildFile; fileRef = C1EDDD5F1FF28B9B00615207 /* map_pin_custom.png */; };
		C1EDDD7C1FF28B9B00615207 /* map_pin_custom@3x.png in Resources */ = {isa = PBXBuildFile; fileRef = C1EDDD601FF28B9B00615207 /* map_pin_custom@3x.png */; };
		C1EDDD7D1FF28B9B00615207 /* map_pin_red.png in Resources */ = {isa = PBXBuildFile; fileRef = C1EDDD611FF28B9B00615207 /* map_pin_red.png */; };
		C1EDDD7E1FF28B9B00615207 /* map_pin_red@3x.png in Resources */ = {isa = PBXBuildFile; fileRef = C1EDDD621FF28B9B00615207 /* map_pin_red@3x.png */; };
		C1EDDD7F1FF28B9B00615207 /* map_pin_shadow.png in Resources */ = {isa = PBXBuildFile; fileRef = C1EDDD631FF28B9B00615207 /* map_pin_shadow.png */; };
		C1EDDD801FF28B9B00615207 /* map_pin_shadow@3x.png in Resources */ = {isa = PBXBuildFile; fileRef = C1EDDD641FF28B9B00615207 /* map_pin_shadow@3x.png */; };
		C1EDDD811FF28B9B00615207 /* map_pinup.png in Resources */ = {isa = PBXBuildFile; fileRef = C1EDDD651FF28B9B00615207 /* map_pinup.png */; };
		C1EDDD821FF28B9B00615207 /* map_pinup@3x.png in Resources */ = {isa = PBXBuildFile; fileRef = C1EDDD661FF28B9B00615207 /* map_pinup@3x.png */; };
		C1EDDD831FF28B9B00615207 /* map_pinup_custom.png in Resources */ = {isa = PBXBuildFile; fileRef = C1EDDD671FF28B9B00615207 /* map_pinup_custom.png */; };
		C1EDDD841FF28B9B00615207 /* map_pinup_custom@3x.png in Resources */ = {isa = PBXBuildFile; fileRef = C1EDDD681FF28B9B00615207 /* map_pinup_custom@3x.png */; };
		C1EDDD851FF28B9B00615207 /* map_present.png in Resources */ = {isa = PBXBuildFile; fileRef = C1EDDD691FF28B9B00615207 /* map_present.png */; };
		C1EDDD861FF28B9B00615207 /* map_present_background_update.png in Resources */ = {isa = PBXBuildFile; fileRef = C1EDDD6A1FF28B9B00615207 /* map_present_background_update.png */; };
		C1EDDD871FF28B9B00615207 /* map_present_direction.png in Resources */ = {isa = PBXBuildFile; fileRef = C1EDDD6B1FF28B9B00615207 /* map_present_direction.png */; };
		C1EDDD881FF28B9B00615207 /* map_present_tracking.png in Resources */ = {isa = PBXBuildFile; fileRef = C1EDDD6C1FF28B9B00615207 /* map_present_tracking.png */; };
		C1EDDD891FF28B9B00615207 /* noimage.png in Resources */ = {isa = PBXBuildFile; fileRef = C1EDDD6D1FF28B9B00615207 /* noimage.png */; };
		C1EDDD8A1FF28B9B00615207 /* noimage256.png in Resources */ = {isa = PBXBuildFile; fileRef = C1EDDD6E1FF28B9B00615207 /* noimage256.png */; };
		C1EDDD8B1FF28B9B00615207 /* point_sprite.png in Resources */ = {isa = PBXBuildFile; fileRef = C1EDDD6F1FF28B9B00615207 /* point_sprite.png */; };
		C1EDDD8C1FF28B9B00615207 /* shadow_balloon.png in Resources */ = {isa = PBXBuildFile; fileRef = C1EDDD701FF28B9B00615207 /* shadow_balloon.png */; };
		C1EDDD8D1FF28B9B00615207 /* th_line.png in Resources */ = {isa = PBXBuildFile; fileRef = C1EDDD711FF28B9B00615207 /* th_line.png */; };
		C1EDDD8F1FF28BE500615207 /* OpenGLES.framework in Frameworks */ = {isa = PBXBuildFile; fileRef = C1EDDD8E1FF28BE500615207 /* OpenGLES.framework */; };
		C1EDDD911FF28BF100615207 /* SystemConfiguration.framework in Frameworks */ = {isa = PBXBuildFile; fileRef = C1EDDD901FF28BF100615207 /* SystemConfiguration.framework */; };
		C1EDDD931FF28C0100615207 /* CoreLocation.framework in Frameworks */ = {isa = PBXBuildFile; fileRef = C1EDDD921FF28C0000615207 /* CoreLocation.framework */; };
		C1EDDD951FF28C0D00615207 /* QuartzCore.framework in Frameworks */ = {isa = PBXBuildFile; fileRef = C1EDDD941FF28C0D00615207 /* QuartzCore.framework */; };
		C1EDDD971FF28C2B00615207 /* libstdc++.6.tbd in Frameworks */ = {isa = PBXBuildFile; fileRef = C1EDDD961FF28C2B00615207 /* libstdc++.6.tbd */; };
		C1EDDD991FF28C3A00615207 /* libxml2.tbd in Frameworks */ = {isa = PBXBuildFile; fileRef = C1EDDD981FF28C3A00615207 /* libxml2.tbd */; };
		C1EDDD9B1FF28C4700615207 /* libsqlite3.tbd in Frameworks */ = {isa = PBXBuildFile; fileRef = C1EDDD9A1FF28C4700615207 /* libsqlite3.tbd */; };
		C1EDDD9E1FF293A100615207 /* idnot.m in Sources */ = {isa = PBXBuildFile; fileRef = C1EDDD9D1FF293A100615207 /* idnot.m */; };
		C1EF2BBC206FE63700FC0338 /* ViewCustom.swift in Sources */ = {isa = PBXBuildFile; fileRef = C1EF2BBB206FE63700FC0338 /* ViewCustom.swift */; };
		C1FD4C1A2067A0BA00CA921B /* CenterViewController.swift in Sources */ = {isa = PBXBuildFile; fileRef = C1FD4C192067A0BA00CA921B /* CenterViewController.swift */; };
		FCE19A6BD58DB73403E8CDAB /* Pods_Beta.framework in Frameworks */ = {isa = PBXBuildFile; fileRef = 146A7F97E60ABD0A9FDCD9E9 /* Pods_Beta.framework */; };
/* End PBXBuildFile section */

/* Begin PBXFileReference section */
		146A7F97E60ABD0A9FDCD9E9 /* Pods_Beta.framework */ = {isa = PBXFileReference; explicitFileType = wrapper.framework; includeInIndex = 0; path = Pods_Beta.framework; sourceTree = BUILT_PRODUCTS_DIR; };
		4F6A668DA5EBE6A8DC216F9B /* Pods-Beta.debug.xcconfig */ = {isa = PBXFileReference; includeInIndex = 1; lastKnownFileType = text.xcconfig; name = "Pods-Beta.debug.xcconfig"; path = "Pods/Target Support Files/Pods-Beta/Pods-Beta.debug.xcconfig"; sourceTree = "<group>"; };
		53E3F9F11F66F3FA00A1E571 /* Beta.app */ = {isa = PBXFileReference; explicitFileType = wrapper.application; includeInIndex = 0; path = Beta.app; sourceTree = BUILT_PRODUCTS_DIR; };
		53E3F9F41F66F3FA00A1E571 /* AppDelegate.swift */ = {isa = PBXFileReference; lastKnownFileType = sourcecode.swift; path = AppDelegate.swift; sourceTree = "<group>"; };
		53E3F9F61F66F3FA00A1E571 /* ViewController.swift */ = {isa = PBXFileReference; lastKnownFileType = sourcecode.swift; path = ViewController.swift; sourceTree = "<group>"; };
		53E3F9F91F66F3FA00A1E571 /* Base */ = {isa = PBXFileReference; lastKnownFileType = file.storyboard; name = Base; path = Base.lproj/Main.storyboard; sourceTree = "<group>"; };
		53E3F9FB1F66F3FA00A1E571 /* Assets.xcassets */ = {isa = PBXFileReference; lastKnownFileType = folder.assetcatalog; path = Assets.xcassets; sourceTree = "<group>"; };
		53E3F9FE1F66F3FA00A1E571 /* Base */ = {isa = PBXFileReference; lastKnownFileType = file.storyboard; name = Base; path = Base.lproj/LaunchScreen.storyboard; sourceTree = "<group>"; };
		53E3FA001F66F3FA00A1E571 /* Info.plist */ = {isa = PBXFileReference; lastKnownFileType = text.plist.xml; path = Info.plist; sourceTree = "<group>"; };
		C118AE832031DC93000C4D5D /* Second1ViewController.swift */ = {isa = PBXFileReference; lastKnownFileType = sourcecode.swift; path = Second1ViewController.swift; sourceTree = "<group>"; };
		C134F03920726F2300248D19 /* startIcon.png */ = {isa = PBXFileReference; lastKnownFileType = image.png; path = startIcon.png; sourceTree = "<group>"; };
		C134F03D2072709C00248D19 /* user6.png */ = {isa = PBXFileReference; lastKnownFileType = image.png; path = user6.png; sourceTree = "<group>"; };
		C134F03E2072709C00248D19 /* user2.png */ = {isa = PBXFileReference; lastKnownFileType = image.png; path = user2.png; sourceTree = "<group>"; };
		C134F03F2072709C00248D19 /* user3.png */ = {isa = PBXFileReference; lastKnownFileType = image.png; path = user3.png; sourceTree = "<group>"; };
		C134F0402072709D00248D19 /* user4.png */ = {isa = PBXFileReference; lastKnownFileType = image.png; path = user4.png; sourceTree = "<group>"; };
		C134F0412072709D00248D19 /* user1.png */ = {isa = PBXFileReference; lastKnownFileType = image.png; path = user1.png; sourceTree = "<group>"; };
		C134F0422072709E00248D19 /* user5.png */ = {isa = PBXFileReference; lastKnownFileType = image.png; path = user5.png; sourceTree = "<group>"; };
		C134F0492072763900248D19 /* whitesearch.png */ = {isa = PBXFileReference; lastKnownFileType = image.png; path = whitesearch.png; sourceTree = "<group>"; };
		C134F04D207279EF00248D19 /* gori.png */ = {isa = PBXFileReference; lastKnownFileType = image.png; path = gori.png; sourceTree = "<group>"; };
		C1486BF020692FAF00FEC6FF /* Alamofire.framework */ = {isa = PBXFileReference; explicitFileType = wrapper.framework; path = Alamofire.framework; sourceTree = BUILT_PRODUCTS_DIR; };
		C1A58C9420A2DFC60069595D /* sample1.png */ = {isa = PBXFileReference; lastKnownFileType = image.png; path = sample1.png; sourceTree = "<group>"; };
		C1A58CB420A2F7CE0069595D /* baseline_keyboard_arrow_right_white_24pt_3x.png */ = {isa = PBXFileReference; lastKnownFileType = image.png; path = baseline_keyboard_arrow_right_white_24pt_3x.png; sourceTree = "<group>"; };
		C1DC87FF20A9DC2F0048A6C0 /* share1.png */ = {isa = PBXFileReference; lastKnownFileType = image.png; path = share1.png; sourceTree = "<group>"; };
		C1DC880120A9DD1A0048A6C0 /* firstImage.png */ = {isa = PBXFileReference; lastKnownFileType = image.png; path = firstImage.png; sourceTree = "<group>"; };
		C1DEB8A32096E214001FB8AC /* testView.swift */ = {isa = PBXFileReference; lastKnownFileType = sourcecode.swift; path = testView.swift; sourceTree = "<group>"; };
		C1E723D5209D8D1F00EC7943 /* Launchimage1.jpeg */ = {isa = PBXFileReference; lastKnownFileType = image.jpeg; path = Launchimage1.jpeg; sourceTree = "<group>"; };
		C1EDDD551FF28B9B00615207 /* DaumMap.framework */ = {isa = PBXFileReference; lastKnownFileType = wrapper.framework; path = DaumMap.framework; sourceTree = "<group>"; };
		C1EDDD571FF28B9B00615207 /* copyright.png */ = {isa = PBXFileReference; lastKnownFileType = image.png; path = copyright.png; sourceTree = "<group>"; };
		C1EDDD581FF28B9B00615207 /* daum_copyright.png */ = {isa = PBXFileReference; lastKnownFileType = image.png; path = daum_copyright.png; sourceTree = "<group>"; };
		C1EDDD591FF28B9B00615207 /* daum_th_line.png */ = {isa = PBXFileReference; lastKnownFileType = image.png; path = daum_th_line.png; sourceTree = "<group>"; };
		C1EDDD5A1FF28B9B00615207 /* detail_button.png */ = {isa = PBXFileReference; lastKnownFileType = image.png; path = detail_button.png; sourceTree = "<group>"; };
		C1EDDD5B1FF28B9B00615207 /* info_box.png */ = {isa = PBXFileReference; lastKnownFileType = image.png; path = info_box.png; sourceTree = "<group>"; };
		C1EDDD5C1FF28B9B00615207 /* info_box_tail.png */ = {isa = PBXFileReference; lastKnownFileType = image.png; path = info_box_tail.png; sourceTree = "<group>"; };
		C1EDDD5D1FF28B9B00615207 /* map_pin.png */ = {isa = PBXFileReference; lastKnownFileType = image.png; path = map_pin.png; sourceTree = "<group>"; };
		C1EDDD5E1FF28B9B00615207 /* map_pin@3x.png */ = {isa = PBXFileReference; lastKnownFileType = image.png; path = "map_pin@3x.png"; sourceTree = "<group>"; };
		C1EDDD5F1FF28B9B00615207 /* map_pin_custom.png */ = {isa = PBXFileReference; lastKnownFileType = image.png; path = map_pin_custom.png; sourceTree = "<group>"; };
		C1EDDD601FF28B9B00615207 /* map_pin_custom@3x.png */ = {isa = PBXFileReference; lastKnownFileType = image.png; path = "map_pin_custom@3x.png"; sourceTree = "<group>"; };
		C1EDDD611FF28B9B00615207 /* map_pin_red.png */ = {isa = PBXFileReference; lastKnownFileType = image.png; path = map_pin_red.png; sourceTree = "<group>"; };
		C1EDDD621FF28B9B00615207 /* map_pin_red@3x.png */ = {isa = PBXFileReference; lastKnownFileType = image.png; path = "map_pin_red@3x.png"; sourceTree = "<group>"; };
		C1EDDD631FF28B9B00615207 /* map_pin_shadow.png */ = {isa = PBXFileReference; lastKnownFileType = image.png; path = map_pin_shadow.png; sourceTree = "<group>"; };
		C1EDDD641FF28B9B00615207 /* map_pin_shadow@3x.png */ = {isa = PBXFileReference; lastKnownFileType = image.png; path = "map_pin_shadow@3x.png"; sourceTree = "<group>"; };
		C1EDDD651FF28B9B00615207 /* map_pinup.png */ = {isa = PBXFileReference; lastKnownFileType = image.png; path = map_pinup.png; sourceTree = "<group>"; };
		C1EDDD661FF28B9B00615207 /* map_pinup@3x.png */ = {isa = PBXFileReference; lastKnownFileType = image.png; path = "map_pinup@3x.png"; sourceTree = "<group>"; };
		C1EDDD671FF28B9B00615207 /* map_pinup_custom.png */ = {isa = PBXFileReference; lastKnownFileType = image.png; path = map_pinup_custom.png; sourceTree = "<group>"; };
		C1EDDD681FF28B9B00615207 /* map_pinup_custom@3x.png */ = {isa = PBXFileReference; lastKnownFileType = image.png; path = "map_pinup_custom@3x.png"; sourceTree = "<group>"; };
		C1EDDD691FF28B9B00615207 /* map_present.png */ = {isa = PBXFileReference; lastKnownFileType = image.png; path = map_present.png; sourceTree = "<group>"; };
		C1EDDD6A1FF28B9B00615207 /* map_present_background_update.png */ = {isa = PBXFileReference; lastKnownFileType = image.png; path = map_present_background_update.png; sourceTree = "<group>"; };
		C1EDDD6B1FF28B9B00615207 /* map_present_direction.png */ = {isa = PBXFileReference; lastKnownFileType = image.png; path = map_present_direction.png; sourceTree = "<group>"; };
		C1EDDD6C1FF28B9B00615207 /* map_present_tracking.png */ = {isa = PBXFileReference; lastKnownFileType = image.png; path = map_present_tracking.png; sourceTree = "<group>"; };
		C1EDDD6D1FF28B9B00615207 /* noimage.png */ = {isa = PBXFileReference; lastKnownFileType = image.png; path = noimage.png; sourceTree = "<group>"; };
		C1EDDD6E1FF28B9B00615207 /* noimage256.png */ = {isa = PBXFileReference; lastKnownFileType = image.png; path = noimage256.png; sourceTree = "<group>"; };
		C1EDDD6F1FF28B9B00615207 /* point_sprite.png */ = {isa = PBXFileReference; lastKnownFileType = image.png; path = point_sprite.png; sourceTree = "<group>"; };
		C1EDDD701FF28B9B00615207 /* shadow_balloon.png */ = {isa = PBXFileReference; lastKnownFileType = image.png; path = shadow_balloon.png; sourceTree = "<group>"; };
		C1EDDD711FF28B9B00615207 /* th_line.png */ = {isa = PBXFileReference; lastKnownFileType = image.png; path = th_line.png; sourceTree = "<group>"; };
		C1EDDD8E1FF28BE500615207 /* OpenGLES.framework */ = {isa = PBXFileReference; lastKnownFileType = wrapper.framework; name = OpenGLES.framework; path = System/Library/Frameworks/OpenGLES.framework; sourceTree = SDKROOT; };
		C1EDDD901FF28BF100615207 /* SystemConfiguration.framework */ = {isa = PBXFileReference; lastKnownFileType = wrapper.framework; name = SystemConfiguration.framework; path = System/Library/Frameworks/SystemConfiguration.framework; sourceTree = SDKROOT; };
		C1EDDD921FF28C0000615207 /* CoreLocation.framework */ = {isa = PBXFileReference; lastKnownFileType = wrapper.framework; name = CoreLocation.framework; path = System/Library/Frameworks/CoreLocation.framework; sourceTree = SDKROOT; };
		C1EDDD941FF28C0D00615207 /* QuartzCore.framework */ = {isa = PBXFileReference; lastKnownFileType = wrapper.framework; name = QuartzCore.framework; path = System/Library/Frameworks/QuartzCore.framework; sourceTree = SDKROOT; };
		C1EDDD961FF28C2B00615207 /* libstdc++.6.tbd */ = {isa = PBXFileReference; lastKnownFileType = "sourcecode.text-based-dylib-definition"; name = "libstdc++.6.tbd"; path = "usr/lib/libstdc++.6.tbd"; sourceTree = SDKROOT; };
		C1EDDD981FF28C3A00615207 /* libxml2.tbd */ = {isa = PBXFileReference; lastKnownFileType = "sourcecode.text-based-dylib-definition"; name = libxml2.tbd; path = usr/lib/libxml2.tbd; sourceTree = SDKROOT; };
		C1EDDD9A1FF28C4700615207 /* libsqlite3.tbd */ = {isa = PBXFileReference; lastKnownFileType = "sourcecode.text-based-dylib-definition"; name = libsqlite3.tbd; path = usr/lib/libsqlite3.tbd; sourceTree = SDKROOT; };
		C1EDDD9C1FF293A000615207 /* Beta-Bridging-Header.h */ = {isa = PBXFileReference; lastKnownFileType = sourcecode.c.h; path = "Beta-Bridging-Header.h"; sourceTree = "<group>"; };
		C1EDDD9D1FF293A100615207 /* idnot.m */ = {isa = PBXFileReference; lastKnownFileType = sourcecode.c.objc; path = idnot.m; sourceTree = "<group>"; };
		C1EF2BBB206FE63700FC0338 /* ViewCustom.swift */ = {isa = PBXFileReference; lastKnownFileType = sourcecode.swift; path = ViewCustom.swift; sourceTree = "<group>"; };
		C1FD4C192067A0BA00CA921B /* CenterViewController.swift */ = {isa = PBXFileReference; lastKnownFileType = sourcecode.swift; path = CenterViewController.swift; sourceTree = "<group>"; };
		C2298E13CCC8AAF96ABDB33A /* Pods-Beta.release.xcconfig */ = {isa = PBXFileReference; includeInIndex = 1; lastKnownFileType = text.xcconfig; name = "Pods-Beta.release.xcconfig"; path = "Pods/Target Support Files/Pods-Beta/Pods-Beta.release.xcconfig"; sourceTree = "<group>"; };
/* End PBXFileReference section */

/* Begin PBXFrameworksBuildPhase section */
		53E3F9EE1F66F3FA00A1E571 /* Frameworks */ = {
			isa = PBXFrameworksBuildPhase;
			buildActionMask = 2147483647;
			files = (
				C1486BEF20692FAF00FEC6FF /* Alamofire.framework in Frameworks */,
				C1EDDD9B1FF28C4700615207 /* libsqlite3.tbd in Frameworks */,
				C1EDDD991FF28C3A00615207 /* libxml2.tbd in Frameworks */,
				C1EDDD971FF28C2B00615207 /* libstdc++.6.tbd in Frameworks */,
				C1EDDD951FF28C0D00615207 /* QuartzCore.framework in Frameworks */,
				C1EDDD931FF28C0100615207 /* CoreLocation.framework in Frameworks */,
				C1EDDD911FF28BF100615207 /* SystemConfiguration.framework in Frameworks */,
				C1EDDD8F1FF28BE500615207 /* OpenGLES.framework in Frameworks */,
				FCE19A6BD58DB73403E8CDAB /* Pods_Beta.framework in Frameworks */,
			);
			runOnlyForDeploymentPostprocessing = 0;
		};
/* End PBXFrameworksBuildPhase section */

/* Begin PBXGroup section */
		27BF1C5DDAFDE353C674FEDE /* Frameworks */ = {
			isa = PBXGroup;
			children = (
				C1486BF020692FAF00FEC6FF /* Alamofire.framework */,
				C1EDDD9A1FF28C4700615207 /* libsqlite3.tbd */,
				C1EDDD981FF28C3A00615207 /* libxml2.tbd */,
				C1EDDD961FF28C2B00615207 /* libstdc++.6.tbd */,
				C1EDDD941FF28C0D00615207 /* QuartzCore.framework */,
				C1EDDD921FF28C0000615207 /* CoreLocation.framework */,
				C1EDDD901FF28BF100615207 /* SystemConfiguration.framework */,
				C1EDDD8E1FF28BE500615207 /* OpenGLES.framework */,
				C1EDDD541FF28B9B00615207 /* DaumMap.embeddedframework */,
				146A7F97E60ABD0A9FDCD9E9 /* Pods_Beta.framework */,
			);
			name = Frameworks;
			sourceTree = "<group>";
		};
		53E3F9E81F66F3FA00A1E571 = {
			isa = PBXGroup;
			children = (
				53E3F9F31F66F3FA00A1E571 /* Beta */,
				53E3F9F21F66F3FA00A1E571 /* Products */,
				739917B06795C48A7DC5F463 /* Pods */,
				27BF1C5DDAFDE353C674FEDE /* Frameworks */,
			);
			sourceTree = "<group>";
		};
		53E3F9F21F66F3FA00A1E571 /* Products */ = {
			isa = PBXGroup;
			children = (
				53E3F9F11F66F3FA00A1E571 /* Beta.app */,
			);
			name = Products;
			sourceTree = "<group>";
		};
		53E3F9F31F66F3FA00A1E571 /* Beta */ = {
			isa = PBXGroup;
			children = (
				53E3F9F41F66F3FA00A1E571 /* AppDelegate.swift */,
				53E3F9F61F66F3FA00A1E571 /* ViewController.swift */,
				C118AE832031DC93000C4D5D /* Second1ViewController.swift */,
				53E3F9F81F66F3FA00A1E571 /* Main.storyboard */,
				C1DEB8A32096E214001FB8AC /* testView.swift */,
				C1A58CB420A2F7CE0069595D /* baseline_keyboard_arrow_right_white_24pt_3x.png */,
				C1A58C9420A2DFC60069595D /* sample1.png */,
				C134F0412072709D00248D19 /* user1.png */,
				C134F03E2072709C00248D19 /* user2.png */,
				C134F03F2072709C00248D19 /* user3.png */,
				C134F0402072709D00248D19 /* user4.png */,
				C134F0422072709E00248D19 /* user5.png */,
				C1DC880120A9DD1A0048A6C0 /* firstImage.png */,
				C134F03D2072709C00248D19 /* user6.png */,
				C1DC87FF20A9DC2F0048A6C0 /* share1.png */,
				C134F04D207279EF00248D19 /* gori.png */,
				C134F0492072763900248D19 /* whitesearch.png */,
				C134F03920726F2300248D19 /* startIcon.png */,
				C1E723D5209D8D1F00EC7943 /* Launchimage1.jpeg */,
				C1EF2BBB206FE63700FC0338 /* ViewCustom.swift */,
				C1EDDD9D1FF293A100615207 /* idnot.m */,
				C1FD4C192067A0BA00CA921B /* CenterViewController.swift */,
				53E3F9FB1F66F3FA00A1E571 /* Assets.xcassets */,
				53E3F9FD1F66F3FA00A1E571 /* LaunchScreen.storyboard */,
				53E3FA001F66F3FA00A1E571 /* Info.plist */,
				C1EDDD9C1FF293A000615207 /* Beta-Bridging-Header.h */,
			);
			path = Beta;
			sourceTree = "<group>";
		};
		739917B06795C48A7DC5F463 /* Pods */ = {
			isa = PBXGroup;
			children = (
				4F6A668DA5EBE6A8DC216F9B /* Pods-Beta.debug.xcconfig */,
				C2298E13CCC8AAF96ABDB33A /* Pods-Beta.release.xcconfig */,
			);
			name = Pods;
			sourceTree = "<group>";
		};
		C1EDDD541FF28B9B00615207 /* DaumMap.embeddedframework */ = {
			isa = PBXGroup;
			children = (
				C1EDDD551FF28B9B00615207 /* DaumMap.framework */,
				C1EDDD561FF28B9B00615207 /* Resources */,
			);
			path = DaumMap.embeddedframework;
			sourceTree = "<group>";
		};
		C1EDDD561FF28B9B00615207 /* Resources */ = {
			isa = PBXGroup;
			children = (
				C1EDDD571FF28B9B00615207 /* copyright.png */,
				C1EDDD581FF28B9B00615207 /* daum_copyright.png */,
				C1EDDD591FF28B9B00615207 /* daum_th_line.png */,
				C1EDDD5A1FF28B9B00615207 /* detail_button.png */,
				C1EDDD5B1FF28B9B00615207 /* info_box.png */,
				C1EDDD5C1FF28B9B00615207 /* info_box_tail.png */,
				C1EDDD5D1FF28B9B00615207 /* map_pin.png */,
				C1EDDD5E1FF28B9B00615207 /* map_pin@3x.png */,
				C1EDDD5F1FF28B9B00615207 /* map_pin_custom.png */,
				C1EDDD601FF28B9B00615207 /* map_pin_custom@3x.png */,
				C1EDDD611FF28B9B00615207 /* map_pin_red.png */,
				C1EDDD621FF28B9B00615207 /* map_pin_red@3x.png */,
				C1EDDD631FF28B9B00615207 /* map_pin_shadow.png */,
				C1EDDD641FF28B9B00615207 /* map_pin_shadow@3x.png */,
				C1EDDD651FF28B9B00615207 /* map_pinup.png */,
				C1EDDD661FF28B9B00615207 /* map_pinup@3x.png */,
				C1EDDD671FF28B9B00615207 /* map_pinup_custom.png */,
				C1EDDD681FF28B9B00615207 /* map_pinup_custom@3x.png */,
				C1EDDD691FF28B9B00615207 /* map_present.png */,
				C1EDDD6A1FF28B9B00615207 /* map_present_background_update.png */,
				C1EDDD6B1FF28B9B00615207 /* map_present_direction.png */,
				C1EDDD6C1FF28B9B00615207 /* map_present_tracking.png */,
				C1EDDD6D1FF28B9B00615207 /* noimage.png */,
				C1EDDD6E1FF28B9B00615207 /* noimage256.png */,
				C1EDDD6F1FF28B9B00615207 /* point_sprite.png */,
				C1EDDD701FF28B9B00615207 /* shadow_balloon.png */,
				C1EDDD711FF28B9B00615207 /* th_line.png */,
			);
			path = Resources;
			sourceTree = "<group>";
		};
/* End PBXGroup section */

/* Begin PBXNativeTarget section */
		53E3F9F01F66F3FA00A1E571 /* Beta */ = {
			isa = PBXNativeTarget;
			buildConfigurationList = 53E3FA031F66F3FA00A1E571 /* Build configuration list for PBXNativeTarget "Beta" */;
			buildPhases = (
				EF626E70199A6CBF6455DCA6 /* [CP] Check Pods Manifest.lock */,
				53E3F9ED1F66F3FA00A1E571 /* Sources */,
				53E3F9EE1F66F3FA00A1E571 /* Frameworks */,
				53E3F9EF1F66F3FA00A1E571 /* Resources */,
				64BA53949495B6EE8CF55412 /* [CP] Embed Pods Frameworks */,
				C30B198675FBDC8259D11749 /* [CP] Copy Pods Resources */,
			);
			buildRules = (
			);
			dependencies = (
			);
			name = Beta;
			productName = Beta;
			productReference = 53E3F9F11F66F3FA00A1E571 /* Beta.app */;
			productType = "com.apple.product-type.application";
		};
/* End PBXNativeTarget section */

/* Begin PBXProject section */
		53E3F9E91F66F3FA00A1E571 /* Project object */ = {
			isa = PBXProject;
			attributes = {
				LastSwiftUpdateCheck = 0830;
				LastUpgradeCheck = 0930;
				ORGANIZATIONNAME = "남기범";
				TargetAttributes = {
					53E3F9F01F66F3FA00A1E571 = {
						CreatedOnToolsVersion = 8.3.3;
						DevelopmentTeam = C7GUZQPQHZ;
						LastSwiftMigration = 0920;
						ProvisioningStyle = Automatic;
					};
				};
			};
			buildConfigurationList = 53E3F9EC1F66F3FA00A1E571 /* Build configuration list for PBXProject "Beta" */;
			compatibilityVersion = "Xcode 3.2";
			developmentRegion = English;
			hasScannedForEncodings = 0;
			knownRegions = (
				en,
				Base,
			);
			mainGroup = 53E3F9E81F66F3FA00A1E571;
			productRefGroup = 53E3F9F21F66F3FA00A1E571 /* Products */;
			projectDirPath = "";
			projectRoot = "";
			targets = (
				53E3F9F01F66F3FA00A1E571 /* Beta */,
			);
		};
/* End PBXProject section */

/* Begin PBXResourcesBuildPhase section */
		53E3F9EF1F66F3FA00A1E571 /* Resources */ = {
			isa = PBXResourcesBuildPhase;
			buildActionMask = 2147483647;
			files = (
				C134F0482072709E00248D19 /* user5.png in Resources */,
				C1EDDD781FF28B9B00615207 /* info_box_tail.png in Resources */,
				C1DC880020A9DC300048A6C0 /* share1.png in Resources */,
				C134F03A20726F2300248D19 /* startIcon.png in Resources */,
				C1EDDD881FF28B9B00615207 /* map_present_tracking.png in Resources */,
				C1EDDD741FF28B9B00615207 /* daum_copyright.png in Resources */,
				C1EDDD791FF28B9B00615207 /* map_pin.png in Resources */,
				C1EDDD7E1FF28B9B00615207 /* map_pin_red@3x.png in Resources */,
				C134F0452072709E00248D19 /* user3.png in Resources */,
				53E3F9FF1F66F3FA00A1E571 /* LaunchScreen.storyboard in Resources */,
				C1EDDD861FF28B9B00615207 /* map_present_background_update.png in Resources */,
				C1DC880220A9DD1A0048A6C0 /* firstImage.png in Resources */,
				C134F0432072709E00248D19 /* user6.png in Resources */,
				C1EDDD8A1FF28B9B00615207 /* noimage256.png in Resources */,
				C134F0462072709E00248D19 /* user4.png in Resources */,
				C134F0442072709E00248D19 /* user2.png in Resources */,
				C1EDDD751FF28B9B00615207 /* daum_th_line.png in Resources */,
				C1EDDD771FF28B9B00615207 /* info_box.png in Resources */,
				C1EDDD841FF28B9B00615207 /* map_pinup_custom@3x.png in Resources */,
				C1EDDD8D1FF28B9B00615207 /* th_line.png in Resources */,
				C1EDDD7D1FF28B9B00615207 /* map_pin_red.png in Resources */,
				C1EDDD731FF28B9B00615207 /* copyright.png in Resources */,
				C1EDDD761FF28B9B00615207 /* detail_button.png in Resources */,
				C1E723D6209D8D2000EC7943 /* Launchimage1.jpeg in Resources */,
				C1EDDD831FF28B9B00615207 /* map_pinup_custom.png in Resources */,
				C1EDDD7A1FF28B9B00615207 /* map_pin@3x.png in Resources */,
				C134F04E207279F000248D19 /* gori.png in Resources */,
				C1EDDD8C1FF28B9B00615207 /* shadow_balloon.png in Resources */,
				C1A58C9520A2DFC60069595D /* sample1.png in Resources */,
				C1EDDD801FF28B9B00615207 /* map_pin_shadow@3x.png in Resources */,
				C1EDDD821FF28B9B00615207 /* map_pinup@3x.png in Resources */,
				C1EDDD7C1FF28B9B00615207 /* map_pin_custom@3x.png in Resources */,
				53E3F9FC1F66F3FA00A1E571 /* Assets.xcassets in Resources */,
				C1EDDD871FF28B9B00615207 /* map_present_direction.png in Resources */,
				53E3F9FA1F66F3FA00A1E571 /* Main.storyboard in Resources */,
				C1EDDD7F1FF28B9B00615207 /* map_pin_shadow.png in Resources */,
				C134F04A2072763900248D19 /* whitesearch.png in Resources */,
				C1EDDD891FF28B9B00615207 /* noimage.png in Resources */,
				C1EDDD7B1FF28B9B00615207 /* map_pin_custom.png in Resources */,
				C1EDDD851FF28B9B00615207 /* map_present.png in Resources */,
				C134F0472072709E00248D19 /* user1.png in Resources */,
				C1EDDD811FF28B9B00615207 /* map_pinup.png in Resources */,
				C1EDDD8B1FF28B9B00615207 /* point_sprite.png in Resources */,
				C1A58CB520A2F7CF0069595D /* baseline_keyboard_arrow_right_white_24pt_3x.png in Resources */,
			);
			runOnlyForDeploymentPostprocessing = 0;
		};
/* End PBXResourcesBuildPhase section */

/* Begin PBXShellScriptBuildPhase section */
		64BA53949495B6EE8CF55412 /* [CP] Embed Pods Frameworks */ = {
			isa = PBXShellScriptBuildPhase;
			buildActionMask = 2147483647;
			files = (
			);
			inputPaths = (
				"${SRCROOT}/Pods/Target Support Files/Pods-Beta/Pods-Beta-frameworks.sh",
				"${BUILT_PRODUCTS_DIR}/Alamofire/Alamofire.framework",
			);
			name = "[CP] Embed Pods Frameworks";
			outputPaths = (
				"${TARGET_BUILD_DIR}/${FRAMEWORKS_FOLDER_PATH}/Alamofire.framework",
			);
			runOnlyForDeploymentPostprocessing = 0;
			shellPath = /bin/sh;
			shellScript = "\"${SRCROOT}/Pods/Target Support Files/Pods-Beta/Pods-Beta-frameworks.sh\"\n";
			showEnvVarsInLog = 0;
		};
		C30B198675FBDC8259D11749 /* [CP] Copy Pods Resources */ = {
			isa = PBXShellScriptBuildPhase;
			buildActionMask = 12;
			files = (
			);
			inputPaths = (
				"${SRCROOT}/Pods/Target Support Files/Pods-Beta/Pods-Beta-resources.sh",
				"${PODS_ROOT}/GoogleMaps/Maps/Frameworks/GoogleMaps.framework/Resources/GoogleMaps.bundle",
				"${PODS_ROOT}/GooglePlacePicker/Frameworks/GooglePlacePicker.framework/Resources/GooglePlacePicker.bundle",
				"${PODS_ROOT}/GooglePlaces/Frameworks/GooglePlaces.framework/Resources/GooglePlaces.bundle",
			);
			name = "[CP] Copy Pods Resources";
			outputPaths = (
				"${TARGET_BUILD_DIR}/${UNLOCALIZED_RESOURCES_FOLDER_PATH}/GoogleMaps.bundle",
				"${TARGET_BUILD_DIR}/${UNLOCALIZED_RESOURCES_FOLDER_PATH}/GooglePlacePicker.bundle",
				"${TARGET_BUILD_DIR}/${UNLOCALIZED_RESOURCES_FOLDER_PATH}/GooglePlaces.bundle",
			);
			runOnlyForDeploymentPostprocessing = 0;
			shellPath = /bin/sh;
			shellScript = "\"${SRCROOT}/Pods/Target Support Files/Pods-Beta/Pods-Beta-resources.sh\"\n";
			showEnvVarsInLog = 0;
		};
		EF626E70199A6CBF6455DCA6 /* [CP] Check Pods Manifest.lock */ = {
			isa = PBXShellScriptBuildPhase;
			buildActionMask = 2147483647;
			files = (
			);
			inputPaths = (
				"${PODS_PODFILE_DIR_PATH}/Podfile.lock",
				"${PODS_ROOT}/Manifest.lock",
			);
			name = "[CP] Check Pods Manifest.lock";
			outputPaths = (
				"$(DERIVED_FILE_DIR)/Pods-Beta-checkManifestLockResult.txt",
			);
			runOnlyForDeploymentPostprocessing = 0;
			shellPath = /bin/sh;
			shellScript = "diff \"${PODS_PODFILE_DIR_PATH}/Podfile.lock\" \"${PODS_ROOT}/Manifest.lock\" > /dev/null\nif [ $? != 0 ] ; then\n    # print error to STDERR\n    echo \"error: The sandbox is not in sync with the Podfile.lock. Run 'pod install' or update your CocoaPods installation.\" >&2\n    exit 1\nfi\n# This output is used by Xcode 'outputs' to avoid re-running this script phase.\necho \"SUCCESS\" > \"${SCRIPT_OUTPUT_FILE_0}\"\n";
			showEnvVarsInLog = 0;
		};
/* End PBXShellScriptBuildPhase section */

/* Begin PBXSourcesBuildPhase section */
		53E3F9ED1F66F3FA00A1E571 /* Sources */ = {
			isa = PBXSourcesBuildPhase;
			buildActionMask = 2147483647;
			files = (
				C118AE842031DC93000C4D5D /* Second1ViewController.swift in Sources */,
				C1EF2BBC206FE63700FC0338 /* ViewCustom.swift in Sources */,
				53E3F9F71F66F3FA00A1E571 /* ViewController.swift in Sources */,
				C1EDDD9E1FF293A100615207 /* idnot.m in Sources */,
				C1FD4C1A2067A0BA00CA921B /* CenterViewController.swift in Sources */,
				C1DEB8A42096E214001FB8AC /* testView.swift in Sources */,
				53E3F9F51F66F3FA00A1E571 /* AppDelegate.swift in Sources */,
			);
			runOnlyForDeploymentPostprocessing = 0;
		};
/* End PBXSourcesBuildPhase section */

/* Begin PBXVariantGroup section */
		53E3F9F81F66F3FA00A1E571 /* Main.storyboard */ = {
			isa = PBXVariantGroup;
			children = (
				53E3F9F91F66F3FA00A1E571 /* Base */,
			);
			name = Main.storyboard;
			sourceTree = "<group>";
		};
		53E3F9FD1F66F3FA00A1E571 /* LaunchScreen.storyboard */ = {
			isa = PBXVariantGroup;
			children = (
				53E3F9FE1F66F3FA00A1E571 /* Base */,
			);
			name = LaunchScreen.storyboard;
			sourceTree = "<group>";
		};
/* End PBXVariantGroup section */

/* Begin XCBuildConfiguration section */
		53E3FA011F66F3FA00A1E571 /* Debug */ = {
			isa = XCBuildConfiguration;
			buildSettings = {
				ALWAYS_SEARCH_USER_PATHS = NO;
				CLANG_ANALYZER_NONNULL = YES;
				CLANG_ANALYZER_NUMBER_OBJECT_CONVERSION = YES_AGGRESSIVE;
				CLANG_CXX_LANGUAGE_STANDARD = "gnu++0x";
				CLANG_CXX_LIBRARY = "libc++";
				CLANG_ENABLE_MODULES = YES;
				CLANG_ENABLE_OBJC_ARC = YES;
				CLANG_WARN_BLOCK_CAPTURE_AUTORELEASING = YES;
				CLANG_WARN_BOOL_CONVERSION = YES;
				CLANG_WARN_COMMA = YES;
				CLANG_WARN_CONSTANT_CONVERSION = YES;
				CLANG_WARN_DEPRECATED_OBJC_IMPLEMENTATIONS = YES;
				CLANG_WARN_DIRECT_OBJC_ISA_USAGE = YES_ERROR;
				CLANG_WARN_DOCUMENTATION_COMMENTS = YES;
				CLANG_WARN_EMPTY_BODY = YES;
				CLANG_WARN_ENUM_CONVERSION = YES;
				CLANG_WARN_INFINITE_RECURSION = YES;
				CLANG_WARN_INT_CONVERSION = YES;
				CLANG_WARN_NON_LITERAL_NULL_CONVERSION = YES;
				CLANG_WARN_OBJC_IMPLICIT_RETAIN_SELF = YES;
				CLANG_WARN_OBJC_LITERAL_CONVERSION = YES;
				CLANG_WARN_OBJC_ROOT_CLASS = YES_ERROR;
				CLANG_WARN_RANGE_LOOP_ANALYSIS = YES;
				CLANG_WARN_STRICT_PROTOTYPES = YES;
				CLANG_WARN_SUSPICIOUS_MOVE = YES;
				CLANG_WARN_UNREACHABLE_CODE = YES;
				CLANG_WARN__DUPLICATE_METHOD_MATCH = YES;
				"CODE_SIGN_IDENTITY[sdk=iphoneos*]" = "iPhone Developer";
				COPY_PHASE_STRIP = NO;
				DEBUG_INFORMATION_FORMAT = dwarf;
				ENABLE_STRICT_OBJC_MSGSEND = YES;
				ENABLE_TESTABILITY = YES;
				GCC_C_LANGUAGE_STANDARD = gnu99;
				GCC_DYNAMIC_NO_PIC = NO;
				GCC_NO_COMMON_BLOCKS = YES;
				GCC_OPTIMIZATION_LEVEL = 0;
				GCC_PREPROCESSOR_DEFINITIONS = (
					"DEBUG=1",
					"$(inherited)",
				);
				GCC_WARN_64_TO_32_BIT_CONVERSION = YES;
				GCC_WARN_ABOUT_RETURN_TYPE = YES_ERROR;
				GCC_WARN_UNDECLARED_SELECTOR = YES;
				GCC_WARN_UNINITIALIZED_AUTOS = YES_AGGRESSIVE;
				GCC_WARN_UNUSED_FUNCTION = YES;
				GCC_WARN_UNUSED_VARIABLE = YES;
				IPHONEOS_DEPLOYMENT_TARGET = 8.0;
				MTL_ENABLE_DEBUG_INFO = YES;
				ONLY_ACTIVE_ARCH = YES;
				SDKROOT = iphoneos;
				SWIFT_ACTIVE_COMPILATION_CONDITIONS = DEBUG;
				SWIFT_OPTIMIZATION_LEVEL = "-Onone";
			};
			name = Debug;
		};
		53E3FA021F66F3FA00A1E571 /* Release */ = {
			isa = XCBuildConfiguration;
			buildSettings = {
				ALWAYS_SEARCH_USER_PATHS = NO;
				CLANG_ANALYZER_NONNULL = YES;
				CLANG_ANALYZER_NUMBER_OBJECT_CONVERSION = YES_AGGRESSIVE;
				CLANG_CXX_LANGUAGE_STANDARD = "gnu++0x";
				CLANG_CXX_LIBRARY = "libc++";
				CLANG_ENABLE_MODULES = YES;
				CLANG_ENABLE_OBJC_ARC = YES;
				CLANG_WARN_BLOCK_CAPTURE_AUTORELEASING = YES;
				CLANG_WARN_BOOL_CONVERSION = YES;
				CLANG_WARN_COMMA = YES;
				CLANG_WARN_CONSTANT_CONVERSION = YES;
				CLANG_WARN_DEPRECATED_OBJC_IMPLEMENTATIONS = YES;
				CLANG_WARN_DIRECT_OBJC_ISA_USAGE = YES_ERROR;
				CLANG_WARN_DOCUMENTATION_COMMENTS = YES;
				CLANG_WARN_EMPTY_BODY = YES;
				CLANG_WARN_ENUM_CONVERSION = YES;
				CLANG_WARN_INFINITE_RECURSION = YES;
				CLANG_WARN_INT_CONVERSION = YES;
				CLANG_WARN_NON_LITERAL_NULL_CONVERSION = YES;
				CLANG_WARN_OBJC_IMPLICIT_RETAIN_SELF = YES;
				CLANG_WARN_OBJC_LITERAL_CONVERSION = YES;
				CLANG_WARN_OBJC_ROOT_CLASS = YES_ERROR;
				CLANG_WARN_RANGE_LOOP_ANALYSIS = YES;
				CLANG_WARN_STRICT_PROTOTYPES = YES;
				CLANG_WARN_SUSPICIOUS_MOVE = YES;
				CLANG_WARN_UNREACHABLE_CODE = YES;
				CLANG_WARN__DUPLICATE_METHOD_MATCH = YES;
				"CODE_SIGN_IDENTITY[sdk=iphoneos*]" = "iPhone Developer";
				COPY_PHASE_STRIP = NO;
				DEBUG_INFORMATION_FORMAT = "dwarf-with-dsym";
				ENABLE_NS_ASSERTIONS = NO;
				ENABLE_STRICT_OBJC_MSGSEND = YES;
				GCC_C_LANGUAGE_STANDARD = gnu99;
				GCC_NO_COMMON_BLOCKS = YES;
				GCC_WARN_64_TO_32_BIT_CONVERSION = YES;
				GCC_WARN_ABOUT_RETURN_TYPE = YES_ERROR;
				GCC_WARN_UNDECLARED_SELECTOR = YES;
				GCC_WARN_UNINITIALIZED_AUTOS = YES_AGGRESSIVE;
				GCC_WARN_UNUSED_FUNCTION = YES;
				GCC_WARN_UNUSED_VARIABLE = YES;
				IPHONEOS_DEPLOYMENT_TARGET = 8.0;
				MTL_ENABLE_DEBUG_INFO = NO;
				SDKROOT = iphoneos;
				SWIFT_OPTIMIZATION_LEVEL = "-Owholemodule";
				VALIDATE_PRODUCT = YES;
			};
			name = Release;
		};
		53E3FA041F66F3FA00A1E571 /* Debug */ = {
			isa = XCBuildConfiguration;
			baseConfigurationReference = 4F6A668DA5EBE6A8DC216F9B /* Pods-Beta.debug.xcconfig */;
			buildSettings = {
				ASSETCATALOG_COMPILER_APPICON_NAME = AppIcon;
				CLANG_ENABLE_MODULES = YES;
				CLANG_ENABLE_OBJC_ARC = NO;
				CLANG_ENABLE_OBJC_WEAK = YES;
				DEVELOPMENT_TEAM = C7GUZQPQHZ;
				ENABLE_BITCODE = NO;
				FRAMEWORK_SEARCH_PATHS = (
					"$(inherited)",
					"$(PROJECT_DIR)/DaumMap.embeddedframework",
				);
				GCC_WARN_INHIBIT_ALL_WARNINGS = NO;
				INFOPLIST_FILE = Beta/Info.plist;
				IPHONEOS_DEPLOYMENT_TARGET = 8.0;
				LD_RUNPATH_SEARCH_PATHS = "$(inherited) @executable_path/Frameworks";
				PRODUCT_BUNDLE_IDENTIFIER = nkb.Beta;
				PRODUCT_NAME = "$(TARGET_NAME)";
				SWIFT_OBJC_BRIDGING_HEADER = "Beta/Beta-Bridging-Header.h";
				SWIFT_OPTIMIZATION_LEVEL = "-Onone";
				SWIFT_SWIFT3_OBJC_INFERENCE = On;
				SWIFT_VERSION = 4.0;
				TARGETED_DEVICE_FAMILY = 1;
			};
			name = Debug;
		};
		53E3FA051F66F3FA00A1E571 /* Release */ = {
			isa = XCBuildConfiguration;
			baseConfigurationReference = C2298E13CCC8AAF96ABDB33A /* Pods-Beta.release.xcconfig */;
			buildSettings = {
				ASSETCATALOG_COMPILER_APPICON_NAME = AppIcon;
				CLANG_ENABLE_MODULES = YES;
				CLANG_ENABLE_OBJC_ARC = NO;
				CLANG_ENABLE_OBJC_WEAK = YES;
				DEVELOPMENT_TEAM = C7GUZQPQHZ;
				ENABLE_BITCODE = NO;
				FRAMEWORK_SEARCH_PATHS = (
					"$(inherited)",
					"$(PROJECT_DIR)/DaumMap.embeddedframework",
				);
				GCC_WARN_INHIBIT_ALL_WARNINGS = NO;
				INFOPLIST_FILE = Beta/Info.plist;
				IPHONEOS_DEPLOYMENT_TARGET = 8.0;
				LD_RUNPATH_SEARCH_PATHS = "$(inherited) @executable_path/Frameworks";
				PRODUCT_BUNDLE_IDENTIFIER = nkb.Beta;
				PRODUCT_NAME = "$(TARGET_NAME)";
				SWIFT_OBJC_BRIDGING_HEADER = "Beta/Beta-Bridging-Header.h";
				SWIFT_SWIFT3_OBJC_INFERENCE = On;
				SWIFT_VERSION = 4.0;
				TARGETED_DEVICE_FAMILY = 1;
			};
			name = Release;
		};
/* End XCBuildConfiguration section */

/* Begin XCConfigurationList section */
		53E3F9EC1F66F3FA00A1E571 /* Build configuration list for PBXProject "Beta" */ = {
			isa = XCConfigurationList;
			buildConfigurations = (
				53E3FA011F66F3FA00A1E571 /* Debug */,
				53E3FA021F66F3FA00A1E571 /* Release */,
			);
			defaultConfigurationIsVisible = 0;
			defaultConfigurationName = Release;
		};
		53E3FA031F66F3FA00A1E571 /* Build configuration list for PBXNativeTarget "Beta" */ = {
			isa = XCConfigurationList;
			buildConfigurations = (
				53E3FA041F66F3FA00A1E571 /* Debug */,
				53E3FA051F66F3FA00A1E571 /* Release */,
			);
			defaultConfigurationIsVisible = 0;
			defaultConfigurationName = Release;
		};
/* End XCConfigurationList section */
	};
	rootObject = 53E3F9E91F66F3FA00A1E571 /* Project object */;
}
